PODS:
  - Flutter (1.0.0)
  - receive_sharing_intent (1.8.1):
    - Flutter

DEPENDENCIES:
  - Flutter (from `Flutter`)
  - receive_sharing_intent (from `.symlinks/plugins/receive_sharing_intent/ios`)

EXTERNAL SOURCES:
  Flutter:
    :path: Flutter
  receive_sharing_intent:
    :path: ".symlinks/plugins/receive_sharing_intent/ios"

SPEC CHECKSUMS:
  Flutter: 71a624a5bc0c04062bf19101d501e466baf2fb47
  receive_sharing_intent: 222384f00ffe7e952bbfabaa9e3967cb87e5fe00

PODFILE CHECKSUM: a034b60d396d4944cbc27a4d7ab7d5a36ec12697

COCOAPODS: 1.16.2
